<?xml version="1.0" encoding="utf-8"?>
<Project ToolsVersion="4.0" xmlns="http://schemas.microsoft.com/developer/msbuild/2003">
  <ItemGroup>
    <Filter Include="Source Files">
      <UniqueIdentifier>{4FC737F1-C7A5-4376-A066-2A32D752A2FF}</UniqueIdentifier>
      <Extensions>cpp;c;cc;cxx;c++;cppm;ixx;def;odl;idl;hpj;bat;asm;asmx</Extensions>
    </Filter>
    <Filter Include="Resource Files">
      <UniqueIdentifier>{67DA6AB6-F800-4c08-8B7A-83BB121AAD01}</UniqueIdentifier>
      <Extensions>rc;ico;cur;bmp;dlg;rc2;rct;bin;rgs;gif;jpg;jpeg;jpe;resx;tiff;tif;png;wav;mfcribbon-ms</Extensions>
    </Filter>
    <Filter Include="Source Files\glad">
      <UniqueIdentifier>{c409a3f3-b324-4a17-b55f-ee261742115d}</UniqueIdentifier>
    </Filter>
    <Filter Include="Source Files\Game">
      <UniqueIdentifier>{7e03decf-492d-4fcd-8eb8-f0cded9a4877}</UniqueIdentifier>
    </Filter>
    <Filter Include="Source Files\Base">
      <UniqueIdentifier>{0017d3dd-63a9-4308-8325-e25145f3f581}</UniqueIdentifier>
    </Filter>
  </ItemGroup>
  <ItemGroup>
    <ClCompile Include="source\glad\glad.c">
      <Filter>Source Files\glad</Filter>
    </ClCompile>
    <ClCompile Include="main.cpp">
      <Filter>Source Files</Filter>
    </ClCompile>
    <ClCompile Include="source\Base\Base.cpp">
      <Filter>Source Files\Base</Filter>
    </ClCompile>
    <ClCompile Include="source\Base\Renderable.cpp">
      <Filter>Source Files\Base</Filter>
    </ClCompile>
    <ClCompile Include="source\Game\Game.cpp">
      <Filter>Source Files\Game</Filter>
    </ClCompile>
    <ClCompile Include="source\Game\GameObject.cpp">
      <Filter>Source Files\Game</Filter>
    </ClCompile>
    <ClCompile Include="source\Base\Collidable.cpp">
      <Filter>Source Files\Base</Filter>
    </ClCompile>
    <ClCompile Include="source\Base\Physical.cpp">
      <Filter>Source Files\Base</Filter>
    </ClCompile>
  </ItemGroup>
  <ItemGroup>
    <ClInclude Include="source\Base\Base.h">
      <Filter>Source Files\Base</Filter>
    </ClInclude>
    <ClInclude Include="source\Base\Renderable.h">
      <Filter>Source Files\Base</Filter>
    </ClInclude>
    <ClInclude Include="source\Base\Singelton.h">
      <Filter>Source Files\Base</Filter>
    </ClInclude>
    <ClInclude Include="source\Game\Game.h">
      <Filter>Source Files\Game</Filter>
    </ClInclude>
    <ClInclude Include="source\Game\GameObject.h">
      <Filter>Source Files\Game</Filter>
    </ClInclude>
    <ClInclude Include="source\Base\Collidable.h">
      <Filter>Source Files\Base</Filter>
    </ClInclude>
    <ClInclude Include="source\Base\Physical.h">
      <Filter>Source Files\Base</Filter>
    </ClInclude>
  </ItemGroup>
</Project>